
Microsoft Visual Studio Solution File, Format Version 12.00
# Visual Studio Version 17
VisualStudioVersion = 17.0.31903.59
MinimumVisualStudioVersion = 10.0.40219.1
Project("{2150E333-8FDC-42A3-9474-1A3956D46DE8}") = "Core", "Core", "{8A3B2C1D-4E5F-6A7B-8C9D-0E1F2A3B4C5D}"
EndProject
Project("{FAE04EC0-301F-11D3-BF4B-00C04F79EFBC}") = "BeerStore.Domain", "Core\BeerStore.Domain\BeerStore.Domain.csproj", "{FEA16E50-2619-4AD6-BC94-257186ECD969}"
EndProject
Project("{FAE04EC0-301F-11D3-BF4B-00C04F79EFBC}") = "BeerStore.Application", "Core\BeerStore.Application\BeerStore.Application.csproj", "{5FEA1337-1892-4F6C-96C9-BA93F989C6A1}"
EndProject
Project("{FAE04EC0-301F-11D3-BF4B-00C04F79EFBC}") = "BeerStore.Infrastructure", "Core\BeerStore.Infrastructure\BeerStore.Infrastructure.csproj", "{B3ADFB17-08A8-4B88-8345-7CC8FD9224AD}"
EndProject
Project("{FAE04EC0-301F-11D3-BF4B-00C04F79EFBC}") = "BeerStore.Api", "Core\BeerStore.Api\BeerStore.Api.csproj", "{315688A1-FD41-44C6-8E59-49264F768F97}"
EndProject
Project("{2150E333-8FDC-42A3-9474-1A3956D46DE8}") = "Shared", "Shared", "{4F52FD11-658E-A102-6CD3-7D7C16FFA15B}"
EndProject
Project("{FAE04EC0-301F-11D3-BF4B-00C04F79EFBC}") = "Domain.Core", "Shared\Domain.Core\Domain.Core.csproj", "{EC29B35F-E3D8-4922-A38B-46278FFF16B8}"
EndProject
Project("{FAE04EC0-301F-11D3-BF4B-00C04F79EFBC}") = "Application.Core", "Shared\Application.Core\Application.Core.csproj", "{6E2A0B57-3312-4A05-83A1-8BC87CE5E11E}"
EndProject
Project("{FAE04EC0-301F-11D3-BF4B-00C04F79EFBC}") = "Infrastructure.Core", "Shared\Infrastructure.Core\Infrastructure.Core.csproj", "{E5643430-CAD8-4DA7-A142-8F8F72ED2DFC}"
EndProject
Project("{FAE04EC0-301F-11D3-BF4B-00C04F79EFBC}") = "Api.Core", "Shared\Api.Core\Api.Core.csproj", "{00D16246-EFEA-4540-8A5D-8DCD5E86845E}"
EndProject
Global
	GlobalSection(SolutionConfigurationPlatforms) = preSolution
		Debug|Any CPU = Debug|Any CPU
		Debug|x64 = Debug|x64
		Debug|x86 = Debug|x86
		Release|Any CPU = Release|Any CPU
		Release|x64 = Release|x64
		Release|x86 = Release|x86
	EndGlobalSection
	GlobalSection(ProjectConfigurationPlatforms) = postSolution
		{FEA16E50-2619-4AD6-BC94-257186ECD969}.Debug|Any CPU.ActiveCfg = Debug|Any CPU
		{FEA16E50-2619-4AD6-BC94-257186ECD969}.Debug|Any CPU.Build.0 = Debug|Any CPU
		{FEA16E50-2619-4AD6-BC94-257186ECD969}.Debug|x64.ActiveCfg = Debug|Any CPU
		{FEA16E50-2619-4AD6-BC94-257186ECD969}.Debug|x64.Build.0 = Debug|Any CPU
		{FEA16E50-2619-4AD6-BC94-257186ECD969}.Debug|x86.ActiveCfg = Debug|Any CPU
		{FEA16E50-2619-4AD6-BC94-257186ECD969}.Debug|x86.Build.0 = Debug|Any CPU
		{FEA16E50-2619-4AD6-BC94-257186ECD969}.Release|Any CPU.ActiveCfg = Release|Any CPU
		{FEA16E50-2619-4AD6-BC94-257186ECD969}.Release|Any CPU.Build.0 = Release|Any CPU
		{FEA16E50-2619-4AD6-BC94-257186ECD969}.Release|x64.ActiveCfg = Release|Any CPU
		{FEA16E50-2619-4AD6-BC94-257186ECD969}.Release|x64.Build.0 = Release|Any CPU
		{FEA16E50-2619-4AD6-BC94-257186ECD969}.Release|x86.ActiveCfg = Release|Any CPU
		{FEA16E50-2619-4AD6-BC94-257186ECD969}.Release|x86.Build.0 = Release|Any CPU
		{5FEA1337-1892-4F6C-96C9-BA93F989C6A1}.Debug|Any CPU.ActiveCfg = Debug|Any CPU
		{5FEA1337-1892-4F6C-96C9-BA93F989C6A1}.Debug|Any CPU.Build.0 = Debug|Any CPU
		{5FEA1337-1892-4F6C-96C9-BA93F989C6A1}.Debug|x64.ActiveCfg = Debug|Any CPU
		{5FEA1337-1892-4F6C-96C9-BA93F989C6A1}.Debug|x64.Build.0 = Debug|Any CPU
		{5FEA1337-1892-4F6C-96C9-BA93F989C6A1}.Debug|x86.ActiveCfg = Debug|Any CPU
		{5FEA1337-1892-4F6C-96C9-BA93F989C6A1}.Debug|x86.Build.0 = Debug|Any CPU
		{5FEA1337-1892-4F6C-96C9-BA93F989C6A1}.Release|Any CPU.ActiveCfg = Release|Any CPU
		{5FEA1337-1892-4F6C-96C9-BA93F989C6A1}.Release|Any CPU.Build.0 = Release|Any CPU
		{5FEA1337-1892-4F6C-96C9-BA93F989C6A1}.Release|x64.ActiveCfg = Release|Any CPU
		{5FEA1337-1892-4F6C-96C9-BA93F989C6A1}.Release|x64.Build.0 = Release|Any CPU
		{5FEA1337-1892-4F6C-96C9-BA93F989C6A1}.Release|x86.ActiveCfg = Release|Any CPU
		{5FEA1337-1892-4F6C-96C9-BA93F989C6A1}.Release|x86.Build.0 = Release|Any CPU
		{B3ADFB17-08A8-4B88-8345-7CC8FD9224AD}.Debug|Any CPU.ActiveCfg = Debug|Any CPU
		{B3ADFB17-08A8-4B88-8345-7CC8FD9224AD}.Debug|Any CPU.Build.0 = Debug|Any CPU
		{B3ADFB17-08A8-4B88-8345-7CC8FD9224AD}.Debug|x64.ActiveCfg = Debug|Any CPU
		{B3ADFB17-08A8-4B88-8345-7CC8FD9224AD}.Debug|x64.Build.0 = Debug|Any CPU
		{B3ADFB17-08A8-4B88-8345-7CC8FD9224AD}.Debug|x86.ActiveCfg = Debug|Any CPU
		{B3ADFB17-08A8-4B88-8345-7CC8FD9224AD}.Debug|x86.Build.0 = Debug|Any CPU
		{B3ADFB17-08A8-4B88-8345-7CC8FD9224AD}.Release|Any CPU.ActiveCfg = Release|Any CPU
		{B3ADFB17-08A8-4B88-8345-7CC8FD9224AD}.Release|Any CPU.Build.0 = Release|Any CPU
		{B3ADFB17-08A8-4B88-8345-7CC8FD9224AD}.Release|x64.ActiveCfg = Release|Any CPU
		{B3ADFB17-08A8-4B88-8345-7CC8FD9224AD}.Release|x64.Build.0 = Release|Any CPU
		{B3ADFB17-08A8-4B88-8345-7CC8FD9224AD}.Release|x86.ActiveCfg = Release|Any CPU
		{B3ADFB17-08A8-4B88-8345-7CC8FD9224AD}.Release|x86.Build.0 = Release|Any CPU
		{315688A1-FD41-44C6-8E59-49264F768F97}.Debug|Any CPU.ActiveCfg = Debug|Any CPU
		{315688A1-FD41-44C6-8E59-49264F768F97}.Debug|Any CPU.Build.0 = Debug|Any CPU
		{315688A1-FD41-44C6-8E59-49264F768F97}.Debug|x64.ActiveCfg = Debug|Any CPU
		{315688A1-FD41-44C6-8E59-49264F768F97}.Debug|x64.Build.0 = Debug|Any CPU
		{315688A1-FD41-44C6-8E59-49264F768F97}.Debug|x86.ActiveCfg = Debug|Any CPU
		{315688A1-FD41-44C6-8E59-49264F768F97}.Debug|x86.Build.0 = Debug|Any CPU
		{315688A1-FD41-44C6-8E59-49264F768F97}.Release|Any CPU.ActiveCfg = Release|Any CPU
		{315688A1-FD41-44C6-8E59-49264F768F97}.Release|Any CPU.Build.0 = Release|Any CPU
		{315688A1-FD41-44C6-8E59-49264F768F97}.Release|x64.ActiveCfg = Release|Any CPU
		{315688A1-FD41-44C6-8E59-49264F768F97}.Release|x64.Build.0 = Release|Any CPU
		{315688A1-FD41-44C6-8E59-49264F768F97}.Release|x86.ActiveCfg = Release|Any CPU
		{315688A1-FD41-44C6-8E59-49264F768F97}.Release|x86.Build.0 = Release|Any CPU
		{EC29B35F-E3D8-4922-A38B-46278FFF16B8}.Debug|Any CPU.ActiveCfg = Debug|Any CPU
		{EC29B35F-E3D8-4922-A38B-46278FFF16B8}.Debug|Any CPU.Build.0 = Debug|Any CPU
		{EC29B35F-E3D8-4922-A38B-46278FFF16B8}.Debug|x64.ActiveCfg = Debug|Any CPU
		{EC29B35F-E3D8-4922-A38B-46278FFF16B8}.Debug|x64.Build.0 = Debug|Any CPU
		{EC29B35F-E3D8-4922-A38B-46278FFF16B8}.Debug|x86.ActiveCfg = Debug|Any CPU
		{EC29B35F-E3D8-4922-A38B-46278FFF16B8}.Debug|x86.Build.0 = Debug|Any CPU
		{EC29B35F-E3D8-4922-A38B-46278FFF16B8}.Release|Any CPU.ActiveCfg = Release|Any CPU
		{EC29B35F-E3D8-4922-A38B-46278FFF16B8}.Release|Any CPU.Build.0 = Release|Any CPU
		{EC29B35F-E3D8-4922-A38B-46278FFF16B8}.Release|x64.ActiveCfg = Release|Any CPU
		{EC29B35F-E3D8-4922-A38B-46278FFF16B8}.Release|x64.Build.0 = Release|Any CPU
		{EC29B35F-E3D8-4922-A38B-46278FFF16B8}.Release|x86.ActiveCfg = Release|Any CPU
		{EC29B35F-E3D8-4922-A38B-46278FFF16B8}.Release|x86.Build.0 = Release|Any CPU
		{6E2A0B57-3312-4A05-83A1-8BC87CE5E11E}.Debug|Any CPU.ActiveCfg = Debug|Any CPU
		{6E2A0B57-3312-4A05-83A1-8BC87CE5E11E}.Debug|Any CPU.Build.0 = Debug|Any CPU
		{6E2A0B57-3312-4A05-83A1-8BC87CE5E11E}.Debug|x64.ActiveCfg = Debug|Any CPU
		{6E2A0B57-3312-4A05-83A1-8BC87CE5E11E}.Debug|x64.Build.0 = Debug|Any CPU
		{6E2A0B57-3312-4A05-83A1-8BC87CE5E11E}.Debug|x86.ActiveCfg = Debug|Any CPU
		{6E2A0B57-3312-4A05-83A1-8BC87CE5E11E}.Debug|x86.Build.0 = Debug|Any CPU
		{6E2A0B57-3312-4A05-83A1-8BC87CE5E11E}.Release|Any CPU.ActiveCfg = Release|Any CPU
		{6E2A0B57-3312-4A05-83A1-8BC87CE5E11E}.Release|Any CPU.Build.0 = Release|Any CPU
		{6E2A0B57-3312-4A05-83A1-8BC87CE5E11E}.Release|x64.ActiveCfg = Release|Any CPU
		{6E2A0B57-3312-4A05-83A1-8BC87CE5E11E}.Release|x64.Build.0 = Release|Any CPU
		{6E2A0B57-3312-4A05-83A1-8BC87CE5E11E}.Release|x86.ActiveCfg = Release|Any CPU
		{6E2A0B57-3312-4A05-83A1-8BC87CE5E11E}.Release|x86.Build.0 = Release|Any CPU
		{E5643430-CAD8-4DA7-A142-8F8F72ED2DFC}.Debug|Any CPU.ActiveCfg = Debug|Any CPU
		{E5643430-CAD8-4DA7-A142-8F8F72ED2DFC}.Debug|Any CPU.Build.0 = Debug|Any CPU
		{E5643430-CAD8-4DA7-A142-8F8F72ED2DFC}.Debug|x64.ActiveCfg = Debug|Any CPU
		{E5643430-CAD8-4DA7-A142-8F8F72ED2DFC}.Debug|x64.Build.0 = Debug|Any CPU
		{E5643430-CAD8-4DA7-A142-8F8F72ED2DFC}.Debug|x86.ActiveCfg = Debug|Any CPU
		{E5643430-CAD8-4DA7-A142-8F8F72ED2DFC}.Debug|x86.Build.0 = Debug|Any CPU
		{E5643430-CAD8-4DA7-A142-8F8F72ED2DFC}.Release|Any CPU.ActiveCfg = Release|Any CPU
		{E5643430-CAD8-4DA7-A142-8F8F72ED2DFC}.Release|Any CPU.Build.0 = Release|Any CPU
		{E5643430-CAD8-4DA7-A142-8F8F72ED2DFC}.Release|x64.ActiveCfg = Release|Any CPU
		{E5643430-CAD8-4DA7-A142-8F8F72ED2DFC}.Release|x64.Build.0 = Release|Any CPU
		{E5643430-CAD8-4DA7-A142-8F8F72ED2DFC}.Release|x86.ActiveCfg = Release|Any CPU
		{E5643430-CAD8-4DA7-A142-8F8F72ED2DFC}.Release|x86.Build.0 = Release|Any CPU
		{00D16246-EFEA-4540-8A5D-8DCD5E86845E}.Debug|Any CPU.ActiveCfg = Debug|Any CPU
		{00D16246-EFEA-4540-8A5D-8DCD5E86845E}.Debug|Any CPU.Build.0 = Debug|Any CPU
		{00D16246-EFEA-4540-8A5D-8DCD5E86845E}.Debug|x64.ActiveCfg = Debug|Any CPU
		{00D16246-EFEA-4540-8A5D-8DCD5E86845E}.Debug|x64.Build.0 = Debug|Any CPU
		{00D16246-EFEA-4540-8A5D-8DCD5E86845E}.Debug|x86.ActiveCfg = Debug|Any CPU
		{00D16246-EFEA-4540-8A5D-8DCD5E86845E}.Debug|x86.Build.0 = Debug|Any CPU
		{00D16246-EFEA-4540-8A5D-8DCD5E86845E}.Release|Any CPU.ActiveCfg = Release|Any CPU
		{00D16246-EFEA-4540-8A5D-8DCD5E86845E}.Release|Any CPU.Build.0 = Release|Any CPU
		{00D16246-EFEA-4540-8A5D-8DCD5E86845E}.Release|x64.ActiveCfg = Release|Any CPU
		{00D16246-EFEA-4540-8A5D-8DCD5E86845E}.Release|x64.Build.0 = Release|Any CPU
		{00D16246-EFEA-4540-8A5D-8DCD5E86845E}.Release|x86.ActiveCfg = Release|Any CPU
		{00D16246-EFEA-4540-8A5D-8DCD5E86845E}.Release|x86.Build.0 = Release|Any CPU
	EndGlobalSection
	GlobalSection(SolutionProperties) = preSolution
		HideSolutionNode = FALSE
	EndGlobalSection
	GlobalSection(NestedProjects) = preSolution
		{FEA16E50-2619-4AD6-BC94-257186ECD969} = {8A3B2C1D-4E5F-6A7B-8C9D-0E1F2A3B4C5D}
		{5FEA1337-1892-4F6C-96C9-BA93F989C6A1} = {8A3B2C1D-4E5F-6A7B-8C9D-0E1F2A3B4C5D}
		{B3ADFB17-08A8-4B88-8345-7CC8FD9224AD} = {8A3B2C1D-4E5F-6A7B-8C9D-0E1F2A3B4C5D}
		{315688A1-FD41-44C6-8E59-49264F768F97} = {8A3B2C1D-4E5F-6A7B-8C9D-0E1F2A3B4C5D}
		{EC29B35F-E3D8-4922-A38B-46278FFF16B8} = {4F52FD11-658E-A102-6CD3-7D7C16FFA15B}
		{6E2A0B57-3312-4A05-83A1-8BC87CE5E11E} = {4F52FD11-658E-A102-6CD3-7D7C16FFA15B}
		{E5643430-CAD8-4DA7-A142-8F8F72ED2DFC} = {4F52FD11-658E-A102-6CD3-7D7C16FFA15B}
		{00D16246-EFEA-4540-8A5D-8DCD5E86845E} = {4F52FD11-658E-A102-6CD3-7D7C16FFA15B}
	EndGlobalSection
EndGlobal
